
Microsoft Visual Studio Solution File, Format Version 12.00
# Visual Studio 15
Project("{FAE04EC0-301F-11D3-BF4B-00C04F79EFBC}") = "Entities", "Entities\Entities.csproj", "{FCB3C1AE-A39E-481F-9598-F0546C9D3B83}"
EndProject
Project("{FAE04EC0-301F-11D3-BF4B-00C04F79EFBC}") = "Repository", "Repository\Repository.csproj", "{2700E6A7-2C48-43B1-B3B2-7BAE19F085D4}"
EndProject
Project("{FAE04EC0-301F-11D3-BF4B-00C04F79EFBC}") = "Entities.Tests", "Entities.Tests\Entities.Tests.csproj", "{5D9781F8-DB9A-4E1E-B8D7-2D536459BA04}"
EndProject
Project("{FAE04EC0-301F-11D3-BF4B-00C04F79EFBC}") = "Repository.Tests", "Repository.Tests\Repository.Tests.csproj", "{B6E10BE3-1F4B-4D00-8CD6-68D632289F07}"
EndProject
Project("{FAE04EC0-301F-11D3-BF4B-00C04F79EFBC}") = "Validator", "Validator\Validator.csproj", "{071426B8-9C84-436B-84F9-2032DDF7768D}"
EndProject
Project("{FAE04EC0-301F-11D3-BF4B-00C04F79EFBC}") = "Validator.Tests", "Validator.Tests\Validator.Tests.csproj", "{0F789953-A8A1-46EE-9AE6-671100A09ABD}"
EndProject
Project("{FAE04EC0-301F-11D3-BF4B-00C04F79EFBC}") = "ConsoleBirthdayManager", "ConsoleBirthdayManager\ConsoleBirthdayManager.csproj", "{12182343-F9FA-4258-A1F9-3E172B2A194E}"
EndProject
Project("{FAE04EC0-301F-11D3-BF4B-00C04F79EFBC}") = "ConsoleApp", "ConsoleApp\ConsoleApp.csproj", "{DFC5A260-E1AD-43EB-9C86-0CDC72AB7F2C}"
EndProject
Global
	GlobalSection(SolutionConfigurationPlatforms) = preSolution
		Debug|Any CPU = Debug|Any CPU
		Release|Any CPU = Release|Any CPU
	EndGlobalSection
	GlobalSection(ProjectConfigurationPlatforms) = postSolution
		{FCB3C1AE-A39E-481F-9598-F0546C9D3B83}.Debug|Any CPU.ActiveCfg = Debug|Any CPU
		{FCB3C1AE-A39E-481F-9598-F0546C9D3B83}.Debug|Any CPU.Build.0 = Debug|Any CPU
		{FCB3C1AE-A39E-481F-9598-F0546C9D3B83}.Release|Any CPU.ActiveCfg = Release|Any CPU
		{FCB3C1AE-A39E-481F-9598-F0546C9D3B83}.Release|Any CPU.Build.0 = Release|Any CPU
		{2700E6A7-2C48-43B1-B3B2-7BAE19F085D4}.Debug|Any CPU.ActiveCfg = Debug|Any CPU
		{2700E6A7-2C48-43B1-B3B2-7BAE19F085D4}.Debug|Any CPU.Build.0 = Debug|Any CPU
		{2700E6A7-2C48-43B1-B3B2-7BAE19F085D4}.Release|Any CPU.ActiveCfg = Release|Any CPU
		{2700E6A7-2C48-43B1-B3B2-7BAE19F085D4}.Release|Any CPU.Build.0 = Release|Any CPU
		{5D9781F8-DB9A-4E1E-B8D7-2D536459BA04}.Debug|Any CPU.ActiveCfg = Debug|Any CPU
		{5D9781F8-DB9A-4E1E-B8D7-2D536459BA04}.Debug|Any CPU.Build.0 = Debug|Any CPU
		{5D9781F8-DB9A-4E1E-B8D7-2D536459BA04}.Release|Any CPU.ActiveCfg = Release|Any CPU
		{5D9781F8-DB9A-4E1E-B8D7-2D536459BA04}.Release|Any CPU.Build.0 = Release|Any CPU
		{B6E10BE3-1F4B-4D00-8CD6-68D632289F07}.Debug|Any CPU.ActiveCfg = Debug|Any CPU
		{B6E10BE3-1F4B-4D00-8CD6-68D632289F07}.Debug|Any CPU.Build.0 = Debug|Any CPU
		{B6E10BE3-1F4B-4D00-8CD6-68D632289F07}.Release|Any CPU.ActiveCfg = Release|Any CPU
		{B6E10BE3-1F4B-4D00-8CD6-68D632289F07}.Release|Any CPU.Build.0 = Release|Any CPU
		{071426B8-9C84-436B-84F9-2032DDF7768D}.Debug|Any CPU.ActiveCfg = Debug|Any CPU
		{071426B8-9C84-436B-84F9-2032DDF7768D}.Debug|Any CPU.Build.0 = Debug|Any CPU
		{071426B8-9C84-436B-84F9-2032DDF7768D}.Release|Any CPU.ActiveCfg = Release|Any CPU
		{071426B8-9C84-436B-84F9-2032DDF7768D}.Release|Any CPU.Build.0 = Release|Any CPU
		{0F789953-A8A1-46EE-9AE6-671100A09ABD}.Debug|Any CPU.ActiveCfg = Debug|Any CPU
		{0F789953-A8A1-46EE-9AE6-671100A09ABD}.Debug|Any CPU.Build.0 = Debug|Any CPU
		{0F789953-A8A1-46EE-9AE6-671100A09ABD}.Release|Any CPU.ActiveCfg = Release|Any CPU
		{0F789953-A8A1-46EE-9AE6-671100A09ABD}.Release|Any CPU.Build.0 = Release|Any CPU
		{12182343-F9FA-4258-A1F9-3E172B2A194E}.Debug|Any CPU.ActiveCfg = Debug|Any CPU
		{12182343-F9FA-4258-A1F9-3E172B2A194E}.Debug|Any CPU.Build.0 = Debug|Any CPU
		{12182343-F9FA-4258-A1F9-3E172B2A194E}.Release|Any CPU.ActiveCfg = Release|Any CPU
		{12182343-F9FA-4258-A1F9-3E172B2A194E}.Release|Any CPU.Build.0 = Release|Any CPU
		{DFC5A260-E1AD-43EB-9C86-0CDC72AB7F2C}.Debug|Any CPU.ActiveCfg = Debug|Any CPU
		{DFC5A260-E1AD-43EB-9C86-0CDC72AB7F2C}.Debug|Any CPU.Build.0 = Debug|Any CPU
		{DFC5A260-E1AD-43EB-9C86-0CDC72AB7F2C}.Release|Any CPU.ActiveCfg = Release|Any CPU
		{DFC5A260-E1AD-43EB-9C86-0CDC72AB7F2C}.Release|Any CPU.Build.0 = Release|Any CPU
	EndGlobalSection
EndGlobal
